// !$*UTF8*$!
{
	archiveVersion = 1;
	classes = {
	};
	objectVersion = 56;
	objects = {

/* Begin PBXBuildFile section */
		BEA5F6F42906AB2600F93E4E /* StringExtension.swift in Sources */ = {isa = PBXBuildFile; fileRef = BEA5F6F32906AB2600F93E4E /* StringExtension.swift */; };
		BEBF458F2905B1320090ACE4 /* Post.swift in Sources */ = {isa = PBXBuildFile; fileRef = BEBF458E2905B1320090ACE4 /* Post.swift */; };
		BEBF45942905B3890090ACE4 /* ViewControllerExtension.swift in Sources */ = {isa = PBXBuildFile; fileRef = BEBF45932905B3890090ACE4 /* ViewControllerExtension.swift */; };
		BEBF45972905B57F0090ACE4 /* PostTableViewCell.swift in Sources */ = {isa = PBXBuildFile; fileRef = BEBF45952905B57F0090ACE4 /* PostTableViewCell.swift */; };
		BEBF45982905B57F0090ACE4 /* PostTableViewCell.xib in Resources */ = {isa = PBXBuildFile; fileRef = BEBF45962905B57F0090ACE4 /* PostTableViewCell.xib */; };
		BED41D34290584FE007CA102 /* AppDelegate.swift in Sources */ = {isa = PBXBuildFile; fileRef = BED41D33290584FE007CA102 /* AppDelegate.swift */; };
		BED41D36290584FE007CA102 /* SceneDelegate.swift in Sources */ = {isa = PBXBuildFile; fileRef = BED41D35290584FE007CA102 /* SceneDelegate.swift */; };
		BED41D38290584FE007CA102 /* ViewController.swift in Sources */ = {isa = PBXBuildFile; fileRef = BED41D37290584FE007CA102 /* ViewController.swift */; };
		BED41D3B290584FE007CA102 /* Main.storyboard in Resources */ = {isa = PBXBuildFile; fileRef = BED41D39290584FE007CA102 /* Main.storyboard */; };
		BED41D3D290584FE007CA102 /* Assets.xcassets in Resources */ = {isa = PBXBuildFile; fileRef = BED41D3C290584FE007CA102 /* Assets.xcassets */; };
		BED41D40290584FE007CA102 /* LaunchScreen.storyboard in Resources */ = {isa = PBXBuildFile; fileRef = BED41D3E290584FE007CA102 /* LaunchScreen.storyboard */; };
/* End PBXBuildFile section */

/* Begin PBXFileReference section */
		BEA5F6F32906AB2600F93E4E /* StringExtension.swift */ = {isa = PBXFileReference; lastKnownFileType = sourcecode.swift; path = StringExtension.swift; sourceTree = "<group>"; };
		BEBF458E2905B1320090ACE4 /* Post.swift */ = {isa = PBXFileReference; lastKnownFileType = sourcecode.swift; path = Post.swift; sourceTree = "<group>"; };
		BEBF45932905B3890090ACE4 /* ViewControllerExtension.swift */ = {isa = PBXFileReference; lastKnownFileType = sourcecode.swift; path = ViewControllerExtension.swift; sourceTree = "<group>"; };
		BEBF45952905B57F0090ACE4 /* PostTableViewCell.swift */ = {isa = PBXFileReference; lastKnownFileType = sourcecode.swift; path = PostTableViewCell.swift; sourceTree = "<group>"; };
		BEBF45962905B57F0090ACE4 /* PostTableViewCell.xib */ = {isa = PBXFileReference; lastKnownFileType = file.xib; path = PostTableViewCell.xib; sourceTree = "<group>"; };
		BED41D30290584FE007CA102 /* UITableViewCustomDesign.app */ = {isa = PBXFileReference; explicitFileType = wrapper.application; includeInIndex = 0; path = UITableViewCustomDesign.app; sourceTree = BUILT_PRODUCTS_DIR; };
		BED41D33290584FE007CA102 /* AppDelegate.swift */ = {isa = PBXFileReference; lastKnownFileType = sourcecode.swift; path = AppDelegate.swift; sourceTree = "<group>"; };
		BED41D35290584FE007CA102 /* SceneDelegate.swift */ = {isa = PBXFileReference; lastKnownFileType = sourcecode.swift; path = SceneDelegate.swift; sourceTree = "<group>"; };
		BED41D37290584FE007CA102 /* ViewController.swift */ = {isa = PBXFileReference; lastKnownFileType = sourcecode.swift; path = ViewController.swift; sourceTree = "<group>"; };
		BED41D3A290584FE007CA102 /* Base */ = {isa = PBXFileReference; lastKnownFileType = file.storyboard; name = Base; path = Base.lproj/Main.storyboard; sourceTree = "<group>"; };
		BED41D3C290584FE007CA102 /* Assets.xcassets */ = {isa = PBXFileReference; lastKnownFileType = folder.assetcatalog; path = Assets.xcassets; sourceTree = "<group>"; };
		BED41D3F290584FE007CA102 /* Base */ = {isa = PBXFileReference; lastKnownFileType = file.storyboard; name = Base; path = Base.lproj/LaunchScreen.storyboard; sourceTree = "<group>"; };
		BED41D41290584FE007CA102 /* Info.plist */ = {isa = PBXFileReference; lastKnownFileType = text.plist.xml; path = Info.plist; sourceTree = "<group>"; };
/* End PBXFileReference section */

/* Begin PBXFrameworksBuildPhase section */
		BED41D2D290584FE007CA102 /* Frameworks */ = {
			isa = PBXFrameworksBuildPhase;
			buildActionMask = 2147483647;
			files = (
			);
			runOnlyForDeploymentPostprocessing = 0;
		};
/* End PBXFrameworksBuildPhase section */

/* Begin PBXGroup section */
		BEA5F6F12906AB0B00F93E4E /* Helpers */ = {
			isa = PBXGroup;
			children = (
				BEBF45932905B3890090ACE4 /* ViewControllerExtension.swift */,
				BEA5F6F32906AB2600F93E4E /* StringExtension.swift */,
			);
			path = Helpers;
			sourceTree = "<group>";
		};
		BEBF458D2905B1190090ACE4 /* PostData */ = {
			isa = PBXGroup;
			children = (
				BEBF458E2905B1320090ACE4 /* Post.swift */,
			);
			path = PostData;
			sourceTree = "<group>";
		};
		BEBF45922905B19C0090ACE4 /* PostTableViewCell */ = {
			isa = PBXGroup;
			children = (
				BEBF45952905B57F0090ACE4 /* PostTableViewCell.swift */,
				BEBF45962905B57F0090ACE4 /* PostTableViewCell.xib */,
			);
			path = PostTableViewCell;
			sourceTree = "<group>";
		};
		BED41D27290584FE007CA102 = {
			isa = PBXGroup;
			children = (
				BED41D32290584FE007CA102 /* UITableViewCustomDesign */,
				BED41D31290584FE007CA102 /* Products */,
			);
			sourceTree = "<group>";
		};
		BED41D31290584FE007CA102 /* Products */ = {
			isa = PBXGroup;
			children = (
				BED41D30290584FE007CA102 /* UITableViewCustomDesign.app */,
			);
			name = Products;
			sourceTree = "<group>";
		};
		BED41D32290584FE007CA102 /* UITableViewCustomDesign */ = {
			isa = PBXGroup;
			children = (
				BEA5F6F12906AB0B00F93E4E /* Helpers */,
				BEBF45922905B19C0090ACE4 /* PostTableViewCell */,
				BEBF458D2905B1190090ACE4 /* PostData */,
				BED41D33290584FE007CA102 /* AppDelegate.swift */,
				BED41D35290584FE007CA102 /* SceneDelegate.swift */,
				BED41D37290584FE007CA102 /* ViewController.swift */,
				BED41D39290584FE007CA102 /* Main.storyboard */,
				BED41D3C290584FE007CA102 /* Assets.xcassets */,
				BED41D3E290584FE007CA102 /* LaunchScreen.storyboard */,
				BED41D41290584FE007CA102 /* Info.plist */,
			);
			path = UITableViewCustomDesign;
			sourceTree = "<group>";
		};
/* End PBXGroup section */

/* Begin PBXNativeTarget section */
		BED41D2F290584FE007CA102 /* UITableViewCustomDesign */ = {
			isa = PBXNativeTarget;
			buildConfigurationList = BED41D44290584FE007CA102 /* Build configuration list for PBXNativeTarget "UITableViewCustomDesign" */;
			buildPhases = (
				BED41D2C290584FE007CA102 /* Sources */,
				BED41D2D290584FE007CA102 /* Frameworks */,
				BED41D2E290584FE007CA102 /* Resources */,
			);
			buildRules = (
			);
			dependencies = (
			);
			name = UITableViewCustomDesign;
			productName = UITableViewCustomDesign;
			productReference = BED41D30290584FE007CA102 /* UITableViewCustomDesign.app */;
			productType = "com.apple.product-type.application";
		};
/* End PBXNativeTarget section */

/* Begin PBXProject section */
		BED41D28290584FE007CA102 /* Project object */ = {
			isa = PBXProject;
			attributes = {
				BuildIndependentTargetsInParallel = 1;
				LastSwiftUpdateCheck = 1400;
				LastUpgradeCheck = 1400;
				TargetAttributes = {
					BED41D2F290584FE007CA102 = {
						CreatedOnToolsVersion = 14.0.1;
					};
				};
			};
			buildConfigurationList = BED41D2B290584FE007CA102 /* Build configuration list for PBXProject "UITableViewCustomDesign" */;
			compatibilityVersion = "Xcode 14.0";
			developmentRegion = en;
			hasScannedForEncodings = 0;
			knownRegions = (
				en,
				Base,
			);
			mainGroup = BED41D27290584FE007CA102;
			productRefGroup = BED41D31290584FE007CA102 /* Products */;
			projectDirPath = "";
			projectRoot = "";
			targets = (
				BED41D2F290584FE007CA102 /* UITableViewCustomDesign */,
			);
		};
/* End PBXProject section */

/* Begin PBXResourcesBuildPhase section */
		BED41D2E290584FE007CA102 /* Resources */ = {
			isa = PBXResourcesBuildPhase;
			buildActionMask = 2147483647;
			files = (
				BED41D40290584FE007CA102 /* LaunchScreen.storyboard in Resources */,
				BED41D3D290584FE007CA102 /* Assets.xcassets in Resources */,
				BED41D3B290584FE007CA102 /* Main.storyboard in Resources */,
				BEBF45982905B57F0090ACE4 /* PostTableViewCell.xib in Resources */,
			);
			runOnlyForDeploymentPostprocessing = 0;
		};
/* End PBXResourcesBuildPhase section */

/* Begin PBXSourcesBuildPhase section */
		BED41D2C290584FE007CA102 /* Sources */ = {
			isa = PBXSourcesBuildPhase;
			buildActionMask = 2147483647;
			files = (
				BEBF45942905B3890090ACE4 /* ViewControllerExtension.swift in Sources */,
				BEA5F6F42906AB2600F93E4E /* StringExtension.swift in Sources */,
				BED41D38290584FE007CA102 /* ViewController.swift in Sources */,
				BED41D34290584FE007CA102 /* AppDelegate.swift in Sources */,
				BED41D36290584FE007CA102 /* SceneDelegate.swift in Sources */,
				BEBF458F2905B1320090ACE4 /* Post.swift in Sources */,
				BEBF45972905B57F0090ACE4 /* PostTableViewCell.swift in Sources */,
			);
			runOnlyForDeploymentPostprocessing = 0;
		};
/* End PBXSourcesBuildPhase section */

/* Begin PBXVariantGroup section */
		BED41D39290584FE007CA102 /* Main.storyboard */ = {
			isa = PBXVariantGroup;
			children = (
				BED41D3A290584FE007CA102 /* Base */,
			);
			name = Main.storyboard;
			sourceTree = "<group>";
		};
		BED41D3E290584FE007CA102 /* LaunchScreen.storyboard */ = {
			isa = PBXVariantGroup;
			children = (
				BED41D3F290584FE007CA102 /* Base */,
			);
			name = LaunchScreen.storyboard;
			sourceTree = "<group>";
		};
/* End PBXVariantGroup section */

/* Begin XCBuildConfiguration section */
		BED41D42290584FE007CA102 /* Debug */ = {
			isa = XCBuildConfiguration;
			buildSettings = {
				ALWAYS_SEARCH_USER_PATHS = NO;
				CLANG_ANALYZER_NONNULL = YES;
				CLANG_ANALYZER_NUMBER_OBJECT_CONVERSION = YES_AGGRESSIVE;
				CLANG_CXX_LANGUAGE_STANDARD = "gnu++20";
				CLANG_ENABLE_MODULES = YES;
				CLANG_ENABLE_OBJC_ARC = YES;
				CLANG_ENABLE_OBJC_WEAK = YES;
				CLANG_WARN_BLOCK_CAPTURE_AUTORELEASING = YES;
				CLANG_WARN_BOOL_CONVERSION = YES;
				CLANG_WARN_COMMA = YES;
				CLANG_WARN_CONSTANT_CONVERSION = YES;
				CLANG_WARN_DEPRECATED_OBJC_IMPLEMENTATIONS = YES;
				CLANG_WARN_DIRECT_OBJC_ISA_USAGE = YES_ERROR;
				CLANG_WARN_DOCUMENTATION_COMMENTS = YES;
				CLANG_WARN_EMPTY_BODY = YES;
				CLANG_WARN_ENUM_CONVERSION = YES;
				CLANG_WARN_INFINITE_RECURSION = YES;
				CLANG_WARN_INT_CONVERSION = YES;
				CLANG_WARN_NON_LITERAL_NULL_CONVERSION = YES;
				CLANG_WARN_OBJC_IMPLICIT_RETAIN_SELF = YES;
				CLANG_WARN_OBJC_LITERAL_CONVERSION = YES;
				CLANG_WARN_OBJC_ROOT_CLASS = YES_ERROR;
				CLANG_WARN_QUOTED_INCLUDE_IN_FRAMEWORK_HEADER = YES;
				CLANG_WARN_RANGE_LOOP_ANALYSIS = YES;
				CLANG_WARN_STRICT_PROTOTYPES = YES;
				CLANG_WARN_SUSPICIOUS_MOVE = YES;
				CLANG_WARN_UNGUARDED_AVAILABILITY = YES_AGGRESSIVE;
				CLANG_WARN_UNREACHABLE_CODE = YES;
				CLANG_WARN__DUPLICATE_METHOD_MATCH = YES;
				COPY_PHASE_STRIP = NO;
				DEBUG_INFORMATION_FORMAT = dwarf;
				ENABLE_STRICT_OBJC_MSGSEND = YES;
				ENABLE_TESTABILITY = YES;
				GCC_C_LANGUAGE_STANDARD = gnu11;
				GCC_DYNAMIC_NO_PIC = NO;
				GCC_NO_COMMON_BLOCKS = YES;
				GCC_OPTIMIZATION_LEVEL = 0;
				GCC_PREPROCESSOR_DEFINITIONS = (
					"DEBUG=1",
					"$(inherited)",
				);
				GCC_WARN_64_TO_32_BIT_CONVERSION = YES;
				GCC_WARN_ABOUT_RETURN_TYPE = YES_ERROR;
				GCC_WARN_UNDECLARED_SELECTOR = YES;
				GCC_WARN_UNINITIALIZED_AUTOS = YES_AGGRESSIVE;
				GCC_WARN_UNUSED_FUNCTION = YES;
				GCC_WARN_UNUSED_VARIABLE = YES;
				IPHONEOS_DEPLOYMENT_TARGET = 16.0;
				MTL_ENABLE_DEBUG_INFO = INCLUDE_SOURCE;
				MTL_FAST_MATH = YES;
				ONLY_ACTIVE_ARCH = YES;
				SDKROOT = iphoneos;
				SWIFT_ACTIVE_COMPILATION_CONDITIONS = DEBUG;
				SWIFT_OPTIMIZATION_LEVEL = "-Onone";
			};
			name = Debug;
		};
		BED41D43290584FE007CA102 /* Release */ = {
			isa = XCBuildConfiguration;
			buildSettings = {
				ALWAYS_SEARCH_USER_PATHS = NO;
				CLANG_ANALYZER_NONNULL = YES;
				CLANG_ANALYZER_NUMBER_OBJECT_CONVERSION = YES_AGGRESSIVE;
				CLANG_CXX_LANGUAGE_STANDARD = "gnu++20";
				CLANG_ENABLE_MODULES = YES;
				CLANG_ENABLE_OBJC_ARC = YES;
				CLANG_ENABLE_OBJC_WEAK = YES;
				CLANG_WARN_BLOCK_CAPTURE_AUTORELEASING = YES;
				CLANG_WARN_BOOL_CONVERSION = YES;
				CLANG_WARN_COMMA = YES;
				CLANG_WARN_CONSTANT_CONVERSION = YES;
				CLANG_WARN_DEPRECATED_OBJC_IMPLEMENTATIONS = YES;
				CLANG_WARN_DIRECT_OBJC_ISA_USAGE = YES_ERROR;
				CLANG_WARN_DOCUMENTATION_COMMENTS = YES;
				CLANG_WARN_EMPTY_BODY = YES;
				CLANG_WARN_ENUM_CONVERSION = YES;
				CLANG_WARN_INFINITE_RECURSION = YES;
				CLANG_WARN_INT_CONVERSION = YES;
				CLANG_WARN_NON_LITERAL_NULL_CONVERSION = YES;
				CLANG_WARN_OBJC_IMPLICIT_RETAIN_SELF = YES;
				CLANG_WARN_OBJC_LITERAL_CONVERSION = YES;
				CLANG_WARN_OBJC_ROOT_CLASS = YES_ERROR;
				CLANG_WARN_QUOTED_INCLUDE_IN_FRAMEWORK_HEADER = YES;
				CLANG_WARN_RANGE_LOOP_ANALYSIS = YES;
				CLANG_WARN_STRICT_PROTOTYPES = YES;
				CLANG_WARN_SUSPICIOUS_MOVE = YES;
				CLANG_WARN_UNGUARDED_AVAILABILITY = YES_AGGRESSIVE;
				CLANG_WARN_UNREACHABLE_CODE = YES;
				CLANG_WARN__DUPLICATE_METHOD_MATCH = YES;
				COPY_PHASE_STRIP = NO;
				DEBUG_INFORMATION_FORMAT = "dwarf-with-dsym";
				ENABLE_NS_ASSERTIONS = NO;
				ENABLE_STRICT_OBJC_MSGSEND = YES;
				GCC_C_LANGUAGE_STANDARD = gnu11;
				GCC_NO_COMMON_BLOCKS = YES;
				GCC_WARN_64_TO_32_BIT_CONVERSION = YES;
				GCC_WARN_ABOUT_RETURN_TYPE = YES_ERROR;
				GCC_WARN_UNDECLARED_SELECTOR = YES;
				GCC_WARN_UNINITIALIZED_AUTOS = YES_AGGRESSIVE;
				GCC_WARN_UNUSED_FUNCTION = YES;
				GCC_WARN_UNUSED_VARIABLE = YES;
				IPHONEOS_DEPLOYMENT_TARGET = 16.0;
				MTL_ENABLE_DEBUG_INFO = NO;
				MTL_FAST_MATH = YES;
				SDKROOT = iphoneos;
				SWIFT_COMPILATION_MODE = wholemodule;
				SWIFT_OPTIMIZATION_LEVEL = "-O";
				VALIDATE_PRODUCT = YES;
			};
			name = Release;
		};
		BED41D45290584FE007CA102 /* Debug */ = {
			isa = XCBuildConfiguration;
			buildSettings = {
				ASSETCATALOG_COMPILER_APPICON_NAME = AppIcon;
				ASSETCATALOG_COMPILER_GLOBAL_ACCENT_COLOR_NAME = AccentColor;
				CODE_SIGN_STYLE = Automatic;
				CURRENT_PROJECT_VERSION = 1;
				DEVELOPMENT_TEAM = 637V5ANJMR;
				GENERATE_INFOPLIST_FILE = YES;
				INFOPLIST_FILE = UITableViewCustomDesign/Info.plist;
				INFOPLIST_KEY_UIApplicationSupportsIndirectInputEvents = YES;
				INFOPLIST_KEY_UILaunchStoryboardName = LaunchScreen;
				INFOPLIST_KEY_UIMainStoryboardFile = Main;
				INFOPLIST_KEY_UISupportedInterfaceOrientations_iPad = "UIInterfaceOrientationPortrait UIInterfaceOrientationPortraitUpsideDown UIInterfaceOrientationLandscapeLeft UIInterfaceOrientationLandscapeRight";
				INFOPLIST_KEY_UISupportedInterfaceOrientations_iPhone = "UIInterfaceOrientationPortrait UIInterfaceOrientationLandscapeLeft UIInterfaceOrientationLandscapeRight";
				LD_RUNPATH_SEARCH_PATHS = (
					"$(inherited)",
					"@executable_path/Frameworks",
				);
				MARKETING_VERSION = 1.0;
				PRODUCT_BUNDLE_IDENTIFIER = MikhailovskyiYevhenii.UITableViewCustomDesign;
				PRODUCT_NAME = "$(TARGET_NAME)";
				SWIFT_EMIT_LOC_STRINGS = YES;
				SWIFT_VERSION = 5.0;
				TARGETED_DEVICE_FAMILY = "1,2";
			};
			name = Debug;
		};
		BED41D46290584FE007CA102 /* Release */ = {
			isa = XCBuildConfiguration;
			buildSettings = {
				ASSETCATALOG_COMPILER_APPICON_NAME = AppIcon;
				ASSETCATALOG_COMPILER_GLOBAL_ACCENT_COLOR_NAME = AccentColor;
				CODE_SIGN_STYLE = Automatic;
				CURRENT_PROJECT_VERSION = 1;
				DEVELOPMENT_TEAM = 637V5ANJMR;
				GENERATE_INFOPLIST_FILE = YES;
				INFOPLIST_FILE = UITableViewCustomDesign/Info.plist;
				INFOPLIST_KEY_UIApplicationSupportsIndirectInputEvents = YES;
				INFOPLIST_KEY_UILaunchStoryboardName = LaunchScreen;
				INFOPLIST_KEY_UIMainStoryboardFile = Main;
				INFOPLIST_KEY_UISupportedInterfaceOrientations_iPad = "UIInterfaceOrientationPortrait UIInterfaceOrientationPortraitUpsideDown UIInterfaceOrientationLandscapeLeft UIInterfaceOrientationLandscapeRight";
				INFOPLIST_KEY_UISupportedInterfaceOrientations_iPhone = "UIInterfaceOrientationPortrait UIInterfaceOrientationLandscapeLeft UIInterfaceOrientationLandscapeRight";
				LD_RUNPATH_SEARCH_PATHS = (
					"$(inherited)",
					"@executable_path/Frameworks",
				);
				MARKETING_VERSION = 1.0;
				PRODUCT_BUNDLE_IDENTIFIER = MikhailovskyiYevhenii.UITableViewCustomDesign;
				PRODUCT_NAME = "$(TARGET_NAME)";
				SWIFT_EMIT_LOC_STRINGS = YES;
				SWIFT_VERSION = 5.0;
				TARGETED_DEVICE_FAMILY = "1,2";
			};
			name = Release;
		};
/* End XCBuildConfiguration section */

/* Begin XCConfigurationList section */
		BED41D2B290584FE007CA102 /* Build configuration list for PBXProject "UITableViewCustomDesign" */ = {
			isa = XCConfigurationList;
			buildConfigurations = (
				BED41D42290584FE007CA102 /* Debug */,
				BED41D43290584FE007CA102 /* Release */,
			);
			defaultConfigurationIsVisible = 0;
			defaultConfigurationName = Release;
		};
		BED41D44290584FE007CA102 /* Build configuration list for PBXNativeTarget "UITableViewCustomDesign" */ = {
			isa = XCConfigurationList;
			buildConfigurations = (
				BED41D45290584FE007CA102 /* Debug */,
				BED41D46290584FE007CA102 /* Release */,
			);
			defaultConfigurationIsVisible = 0;
			defaultConfigurationName = Release;
		};
/* End XCConfigurationList section */
	};
	rootObject = BED41D28290584FE007CA102 /* Project object */;
}
